
Microsoft Visual Studio Solution File, Format Version 11.00
# Visual Studio 2010
Project("{FAE04EC0-301F-11D3-BF4B-00C04F79EFBC}") = "MvcGit", "MvcGit\MvcGit.csproj", "{67A6135A-8252-4160-8EC2-91EC19A67C39}"
EndProject
Project("{FAE04EC0-301F-11D3-BF4B-00C04F79EFBC}") = "MvcGit.Tests", "MvcGit.Tests\MvcGit.Tests.csproj", "{DC207716-5C47-429E-9F9E-AAD6979D7110}"
EndProject
Global
	GlobalSection(SolutionConfigurationPlatforms) = preSolution
		Debug|Any CPU = Debug|Any CPU
		Release|Any CPU = Release|Any CPU
	EndGlobalSection
	GlobalSection(ProjectConfigurationPlatforms) = postSolution
		{67A6135A-8252-4160-8EC2-91EC19A67C39}.Debug|Any CPU.ActiveCfg = Debug|Any CPU
		{67A6135A-8252-4160-8EC2-91EC19A67C39}.Debug|Any CPU.Build.0 = Debug|Any CPU
		{67A6135A-8252-4160-8EC2-91EC19A67C39}.Release|Any CPU.ActiveCfg = Release|Any CPU
		{67A6135A-8252-4160-8EC2-91EC19A67C39}.Release|Any CPU.Build.0 = Release|Any CPU
		{DC207716-5C47-429E-9F9E-AAD6979D7110}.Debug|Any CPU.ActiveCfg = Debug|Any CPU
		{DC207716-5C47-429E-9F9E-AAD6979D7110}.Debug|Any CPU.Build.0 = Debug|Any CPU
		{DC207716-5C47-429E-9F9E-AAD6979D7110}.Release|Any CPU.ActiveCfg = Release|Any CPU
		{DC207716-5C47-429E-9F9E-AAD6979D7110}.Release|Any CPU.Build.0 = Release|Any CPU
	EndGlobalSection
	GlobalSection(SolutionProperties) = preSolution
		HideSolutionNode = FALSE
	EndGlobalSection
EndGlobal
